{
  "lockfileVersion": 3,
  "requires": true,
  "packages": {
    "": {
      "dependencies": {
        "esbuild": "0.15.14"
      }
    },
    "node_modules/esbuild": {
      "version": "0.15.14",
      "optionalDependencies": {
        "@esbuild/android-arm": "0.15.14",
        "@esbuild/linux-loong64": "0.15.14",
        "esbuild-android-64": "0.15.14",
        "esbuild-android-arm64": "0.15.14",
        "esbuild-darwin-64": "0.15.14",
        "esbuild-darwin-arm64": "0.15.14",
        "esbuild-freebsd-64": "0.15.14",
        "esbuild-freebsd-arm64": "0.15.14",
        "esbuild-linux-32": "0.15.14",
        "esbuild-linux-64": "0.15.14",
        "esbuild-linux-arm": "0.15.14",
        "esbuild-linux-arm64": "0.15.14",
        "esbuild-linux-mips64le": "0.15.14",
        "esbuild-linux-ppc64le": "0.15.14",
        "esbuild-linux-riscv64": "0.15.14",
        "esbuild-linux-s390x": "0.15.14",
        "esbuild-netbsd-64": "0.15.14",
        "esbuild-openbsd-64": "0.15.14",
        "esbuild-sunos-64": "0.15.14",
        "esbuild-windows-32": "0.15.14",
        "esbuild-windows-64": "0.15.14",
        "esbuild-windows-arm64": "0.15.14"
      },
      "engines": {
        "node": ">=12"
      },
      "integrity": "sha512-pJN8j42fvWLFWwSMG4luuupl2Me7mxciUOsMegKvwCmhEbJ2covUdFnihxm0FMIBV+cbwbtMoHgMCCI+pj1btQ==",
      "hasInstallScript": true,
      "bin": {
        "esbuild": "bin/esbuild"
      },
      "resolved": "https://registry.npmjs.org/esbuild/-/esbuild-0.15.14.tgz"
    },
    "node_modules/@esbuild/android-arm": {
      "version": "0.15.14",
      "engines": {
        "node": ">=12"
      },
      "os": [
        "android"
      ],
      "cpu": [
        "arm"
      ],
      "integrity": "sha512-+Rb20XXxRGisNu2WmNKk+scpanb7nL5yhuI1KR9wQFiC43ddPj/V1fmNyzlFC9bKiG4mYzxW7egtoHVcynr+OA==",
      "resolved": "https://registry.npmjs.org/@esbuild/android-arm/download/@esbuild/android-arm-0.15.14.tgz",
      "optional": true
    },
    "node_modules/@esbuild/linux-loong64": {
      "version": "0.15.14",
      "engines": {
        "node": ">=12"
      },
      "os": [
        "linux"
      ],
      "cpu": [
        "loong64"
      ],
      "integrity": "sha512-eQi9rosGNVQFJyJWV0HCA5WZae/qWIQME7s8/j8DMvnylfBv62Pbu+zJ2eUDqNf2O4u3WB+OEXyfkpBoe194sg==",
      "resolved": "https://registry.npmjs.org/@esbuild/linux-loong64/download/@esbuild/linux-loong64-0.15.14.tgz",
      "optional": true
    },
    "node_modules/esbuild-android-64": {
      "version": "0.15.14",
      "engines": {
        "node": ">=12"
      },
      "os": [
        "android"
      ],
      "cpu": [
        "x64"
      ],
      "integrity": "sha512-HuilVIb4rk9abT4U6bcFdU35UHOzcWVGLSjEmC58OVr96q5UiRqzDtWjPlCMugjhgUGKEs8Zf4ueIvYbOStbIg==",
      "resolved": "https://registry.npmjs.org/esbuild-android-64/download/esbuild-android-64-0.15.14.tgz",
      "optional": true
    },
    "node_modules/esbuild-android-arm64": {
      "version": "0.15.14",
      "engines": {
        "node": ">=12"
      },
      "os": [
        "android"
      ],
      "cpu": [
        "arm64"
      ],
      "integrity": "sha512-/QnxRVxsR2Vtf3XottAHj7hENAMW2wCs6S+OZcAbc/8nlhbAL/bCQRCVD78VtI5mdwqWkVi3wMqM94kScQCgqg==",
      "resolved": "https://registry.npmjs.org/esbuild-android-arm64/download/esbuild-android-arm64-0.15.14.tgz",
      "optional": true
    },
    "node_modules/esbuild-darwin-64": {
      "version": "0.15.14",
      "engines": {
        "node": ">=12"
      },
      "os": [
        "darwin"
      ],
      "cpu": [
        "x64"
      ],
      "integrity": "sha512-ToNuf1uifu8hhwWvoZJGCdLIX/1zpo8cOGnT0XAhDQXiKOKYaotVNx7pOVB1f+wHoWwTLInrOmh3EmA7Fd+8Vg==",
      "resolved": "https://registry.npmjs.org/esbuild-darwin-64/download/esbuild-darwin-64-0.15.14.tgz",
      "optional": true
    },
    "node_modules/esbuild-darwin-arm64": {
      "version": "0.15.14",
      "engines": {
        "node": ">=12"
      },
      "os": [
        "darwin"
      ],
      "cpu": [
        "arm64"
      ],
      "integrity": "sha512-KgGP+y77GszfYJgceO0Wi/PiRtYo5y2Xo9rhBUpxTPaBgWDJ14gqYN0+NMbu+qC2fykxXaipHxN4Scaj9tUS1A==",
      "resolved": "https://registry.npmjs.org/esbuild-darwin-arm64/download/esbuild-darwin-arm64-0.15.14.tgz",
      "optional": true
    },
    "node_modules/esbuild-freebsd-64": {
      "version": "0.15.14",
      "engines": {
        "node": ">=12"
      },
      "os": [
        "freebsd"
      ],
      "cpu": [
        "x64"
      ],
      "integrity": "sha512-xr0E2n5lyWw3uFSwwUXHc0EcaBDtsal/iIfLioflHdhAe10KSctV978Te7YsfnsMKzcoGeS366+tqbCXdqDHQA==",
      "resolved": "https://registry.npmjs.org/esbuild-freebsd-64/download/esbuild-freebsd-64-0.15.14.tgz",
      "optional": true
    },
    "node_modules/esbuild-freebsd-arm64": {
      "version": "0.15.14",
      "engines": {
        "node": ">=12"
      },
      "os": [
        "freebsd"
      ],
      "cpu": [
        "arm64"
      ],
      "integrity": "sha512-8XH96sOQ4b1LhMlO10eEWOjEngmZ2oyw3pW4o8kvBcpF6pULr56eeYVP5radtgw54g3T8nKHDHYEI5AItvskZg==",
      "resolved": "https://registry.npmjs.org/esbuild-freebsd-arm64/download/esbuild-freebsd-arm64-0.15.14.tgz",
      "optional": true
    },
    "node_modules/esbuild-linux-32": {
      "version": "0.15.14",
      "engines": {
        "node": ">=12"
      },
      "os": [
        "linux"
      ],
      "cpu": [
        "ia32"
      ],
      "integrity": "sha512-6ssnvwaTAi8AzKN8By2V0nS+WF5jTP7SfuK6sStGnDP7MCJo/4zHgM9oE1eQTS2jPmo3D673rckuCzRlig+HMA==",
      "resolved": "https://registry.npmjs.org/esbuild-linux-32/download/esbuild-linux-32-0.15.14.tgz",
      "optional": true
    },
    "node_modules/esbuild-linux-64": {
      "version": "0.15.14",
      "engines": {
        "node": ">=12"
      },
      "os": [
        "linux"
      ],
      "cpu": [
        "x64"
      ],
      "integrity": "sha512-ONySx3U0wAJOJuxGUlXBWxVKFVpWv88JEv0NZ6NlHknmDd1yCbf4AEdClSgLrqKQDXYywmw4gYDvdLsS6z0hcw==",
      "resolved": "https://registry.npmjs.org/esbuild-linux-64/download/esbuild-linux-64-0.15.14.tgz",
      "optional": true
    },
    "node_modules/esbuild-linux-arm": {
      "version": "0.15.14",
      "engines": {
        "node": ">=12"
      },
      "os": [
        "linux"
      ],
      "cpu": [
        "arm"
      ],
      "integrity": "sha512-D2LImAIV3QzL7lHURyCHBkycVFbKwkDb1XEUWan+2fb4qfW7qAeUtul7ZIcIwFKZgPcl+6gKZmvLgPSj26RQ2Q==",
      "resolved": "https://registry.npmjs.org/esbuild-linux-arm/download/esbuild-linux-arm-0.15.14.tgz",
      "optional": true
    },
    "node_modules/esbuild-linux-arm64": {
      "version": "0.15.14",
      "engines": {
        "node": ">=12"
      },
      "os": [
        "linux"
      ],
      "cpu": [
        "arm64"
      ],
      "integrity": "sha512-kle2Ov6a1e5AjlHlMQl1e+c4myGTeggrRzArQFmWp6O6JoqqB9hT+B28EW4tjFWgV/NxUq46pWYpgaWXsXRPAg==",
      "resolved": "https://registry.npmjs.org/esbuild-linux-arm64/download/esbuild-linux-arm64-0.15.14.tgz",
      "optional": true
    },
    "node_modules/esbuild-linux-mips64le": {
      "version": "0.15.14",
      "engines": {
        "node": ">=12"
      },
      "os": [
        "linux"
      ],
      "cpu": [
        "mips64el"
      ],
      "integrity": "sha512-FVdMYIzOLXUq+OE7XYKesuEAqZhmAIV6qOoYahvUp93oXy0MOVTP370ECbPfGXXUdlvc0TNgkJa3YhEwyZ6MRA==",
      "resolved": "https://registry.npmjs.org/esbuild-linux-mips64le/download/esbuild-linux-mips64le-0.15.14.tgz",
      "optional": true
    },
    "node_modules/esbuild-linux-ppc64le": {
      "version": "0.15.14",
      "engines": {
        "node": ">=12"
      },
      "os": [
        "linux"
      ],
      "cpu": [
        "ppc64"
      ],
      "integrity": "sha512-2NzH+iuzMDA+jjtPjuIz/OhRDf8tzbQ1tRZJI//aT25o1HKc0reMMXxKIYq/8nSHXiJSnYV4ODzTiv45s+h73w==",
      "resolved": "https://registry.npmjs.org/esbuild-linux-ppc64le/download/esbuild-linux-ppc64le-0.15.14.tgz",
      "optional": true
    },
    "node_modules/esbuild-linux-riscv64": {
      "version": "0.15.14",
      "engines": {
        "node": ">=12"
      },
      "os": [
        "linux"
      ],
      "cpu": [
        "riscv64"
      ],
      "integrity": "sha512-VqxvutZNlQxmUNS7Ac+aczttLEoHBJ9e3OYGqnULrfipRvG97qLrAv9EUY9iSrRKBqeEbSvS9bSfstZqwz0T4Q==",
      "resolved": "https://registry.npmjs.org/esbuild-linux-riscv64/download/esbuild-linux-riscv64-0.15.14.tgz",
      "optional": true
    },
    "node_modules/esbuild-linux-s390x": {
      "version": "0.15.14",
      "engines": {
        "node": ">=12"
      },
      "os": [
        "linux"
      ],
      "cpu": [
        "s390x"
      ],
      "integrity": "sha512-+KVHEUshX5n6VP6Vp/AKv9fZIl5kr2ph8EUFmQUJnDpHwcfTSn2AQgYYm0HTBR2Mr4d0Wlr0FxF/Cs5pbFgiOw==",
      "resolved": "https://registry.npmjs.org/esbuild-linux-s390x/download/esbuild-linux-s390x-0.15.14.tgz",
      "optional": true
    },
    "node_modules/esbuild-netbsd-64": {
      "version": "0.15.14",
      "engines": {
        "node": ">=12"
      },
      "os": [
        "netbsd"
      ],
      "cpu": [
        "x64"
      ],
      "integrity": "sha512-6D/dr17piEgevIm1xJfZP2SjB9Z+g8ERhNnBdlZPBWZl+KSPUKLGF13AbvC+nzGh8IxOH2TyTIdRMvKMP0nEzQ==",
      "resolved": "https://registry.npmjs.org/esbuild-netbsd-64/download/esbuild-netbsd-64-0.15.14.tgz",
      "optional": true
    },
    "node_modules/esbuild-openbsd-64": {
      "version": "0.15.14",
      "engines": {
        "node": ">=12"
      },
      "os": [
        "openbsd"
      ],
      "cpu": [
        "x64"
      ],
      "integrity": "sha512-rREQBIlMibBetgr2E9Lywt2Qxv2ZdpmYahR4IUlAQ1Efv/A5gYdO0/VIN3iowDbCNTLxp0bb57Vf0LFcffD6kA==",
      "resolved": "https://registry.npmjs.org/esbuild-openbsd-64/download/esbuild-openbsd-64-0.15.14.tgz",
      "optional": true
    },
    "node_modules/esbuild-sunos-64": {
      "version": "0.15.14",
      "engines": {
        "node": ">=12"
      },
      "os": [
        "sunos"
      ],
      "cpu": [
        "x64"
      ],
      "integrity": "sha512-DNVjSp/BY4IfwtdUAvWGIDaIjJXY5KI4uD82+15v6k/w7px9dnaDaJJ2R6Mu+KCgr5oklmFc0KjBjh311Gxl9Q==",
      "resolved": "https://registry.npmjs.org/esbuild-sunos-64/download/esbuild-sunos-64-0.15.14.tgz",
      "optional": true
    },
    "node_modules/esbuild-windows-32": {
      "version": "0.15.14",
      "engines": {
        "node": ">=12"
      },
      "os": [
        "win32"
      ],
      "cpu": [
        "ia32"
      ],
      "integrity": "sha512-pHBWrcA+/oLgvViuG9FO3kNPO635gkoVrRQwe6ZY1S0jdET07xe2toUvQoJQ8KT3/OkxqUasIty5hpuKFLD+eg==",
      "resolved": "https://registry.npmjs.org/esbuild-windows-32/download/esbuild-windows-32-0.15.14.tgz",
      "optional": true
    },
    "node_modules/esbuild-windows-64": {
      "version": "0.15.14",
      "engines": {
        "node": ">=12"
      },
      "os": [
        "win32"
      ],
      "cpu": [
        "x64"
      ],
      "integrity": "sha512-CszIGQVk/P8FOS5UgAH4hKc9zOaFo69fe+k1rqgBHx3CSK3Opyk5lwYriIamaWOVjBt7IwEP6NALz+tkVWdFog==",
      "resolved": "https://registry.npmjs.org/esbuild-windows-64/download/esbuild-windows-64-0.15.14.tgz",
      "optional": true
    },
    "node_modules/esbuild-windows-arm64": {
      "version": "0.15.14",
      "engines": {
        "node": ">=12"
      },
      "os": [
        "win32"
      ],
      "cpu": [
        "arm64"
      ],
      "integrity": "sha512-KW9W4psdZceaS9A7Jsgl4WialOznSURvqX/oHZk3gOP7KbjtHLSsnmSvNdzagGJfxbAe30UVGXRe8q8nDsOSQw==",
      "resolved": "https://registry.npmjs.org/esbuild-windows-arm64/download/esbuild-windows-arm64-0.15.14.tgz",
      "optional": true
    }
  },
  "name": "ade8b76d-c7cf-458c-8828-8406e0a1555e"
}
