{
  "name": "test-uuid",
  "version": "1.0.0",
  "lockfileVersion": 2,
  "requires": true,
  "packages": {
    "": {
      "name": "test-uuid",
      "version": "1.0.0",
      "license": "ISC",
      "dependencies": {
        "@alipay/uuuid": "^1.0.0",
        "uuid": "^3.4.0"
      }
    },
    "node_modules/@alipay/uuuid": {
      "version": "1.0.0",
      "resolved": "https://registry.mock.com/@alipay/uuuid/-/uuuid-1.0.0.tgz",
      "integrity": "sha512-m2Df//CzNAuiM3kaIyMXvSYPeZJVXtGt1LoeN128B3KfoPPn6LeGJBcsNCM9raq4LaPNAHLdSxxzbp+Qh254Qw==",
      "dependencies": {
        "uuid": "^9.0.0"
      }
    },
    "node_modules/@alipay/uuuid/node_modules/uuid": {
      "version": "9.0.0",
      "resolved": "https://registry.mock.com/uuid/-/uuid-9.0.0.tgz",
      "integrity": "sha512-MXcSTerfPa4uqyzStbRoTgt5XIe3x5+42+q1sDuy3R5MDk66URdLMOZe5aPX/SQd+kuYAh0FdP/pO28IkQyTeg==",
      "bin": {
        "uuid": "dist/bin/uuid"
      }
    },
    "node_modules/uuid": {
      "version": "3.4.0",
      "resolved": "https://registry.mock.com/uuid/-/uuid-3.4.0.tgz",
      "integrity": "sha512-HjSDRw6gZE5JMggctHBcjVak08+KEVhSIiDzFnT9S9aegmp85S/bReBVTb4QTFaRNptJ9kuYaNhnbNEOkbKb/A==",
      "deprecated": "Please upgrade  to version 7 or higher.  Older versions may use Math.random() in certain circumstances, which is known to be problematic.  See https://v8.dev/blog/math-random for details.",
      "bin": {
        "uuid": "bin/uuid"
      }
    }
  },
  "dependencies": {
    "@alipay/uuuid": {
      "version": "1.0.0",
      "resolved": "https://registry.mock.com/@alipay/uuuid/-/uuuid-1.0.0.tgz",
      "integrity": "sha512-m2Df//CzNAuiM3kaIyMXvSYPeZJVXtGt1LoeN128B3KfoPPn6LeGJBcsNCM9raq4LaPNAHLdSxxzbp+Qh254Qw==",
      "requires": {
        "uuid": "^9.0.0"
      },
      "dependencies": {
        "uuid": {
          "version": "9.0.0",
          "resolved": "https://registry.mock.com/uuid/-/uuid-9.0.0.tgz",
          "integrity": "sha512-MXcSTerfPa4uqyzStbRoTgt5XIe3x5+42+q1sDuy3R5MDk66URdLMOZe5aPX/SQd+kuYAh0FdP/pO28IkQyTeg=="
        }
      }
    },
    "uuid": {
      "version": "3.4.0",
      "resolved": "https://registry.mock.com/uuid/-/uuid-3.4.0.tgz",
      "integrity": "sha512-HjSDRw6gZE5JMggctHBcjVak08+KEVhSIiDzFnT9S9aegmp85S/bReBVTb4QTFaRNptJ9kuYaNhnbNEOkbKb/A=="
    }
  }
}
