{
  "name": "fake-project",
  "version": "1.0.0",
  "lockfileVersion": 3,
  "requires": true,
  "packages": {
    "": {
      "name": "fake-project",
      "version": "1.0.0",
      "hasInstallScript": true,
      "workspaces": [
        "apps/a"
      ]
    },
    "apps/a": {
      "version": "1.0.0",
      "hasInstallScript": true
    },
    "node_modules/a": {
      "resolved": "apps/a",
      "link": true
    }
  }
}
