{"lockfileVersion":2,"requires":true,"packages":{"":{"dependencies":{"lodash.has":"4.5.2"}},"node_modules/lodash.has":{"version":"4.5.2","integrity":"sha1-0Z9NwQlQWMzL4rDN9O4P5Ko3yGI=","resolved":"https://registry.antfin-inc.com/lodash.has/download/lodash.has-4.5.2.tgz"}},"dependencies":{"lodash.has":{"version":"4.5.2","resolved":"https://registry.antfin-inc.com/lodash.has/download/lodash.has-4.5.2.tgz","integrity":"sha1-0Z9NwQlQWMzL4rDN9O4P5Ko3yGI="}},"name":"78f557e4-1a9d-47b4-9dd7-35b9247b9856"}